// !$*UTF8*$!
{
	archiveVersion = 1;
	classes = {
	};
	objectVersion = 51;
	objects = {

/* Begin PBXBuildFile section */
		090135CA0909793379C0C2E1 /* Pods_Weather.framework in Frameworks */ = {isa = PBXBuildFile; fileRef = C4E5ABAD766F92767B6AD56C /* Pods_Weather.framework */; };
		2D00BFF725F38D48008EF6FF /* FindCityTableViewCell.swift in Sources */ = {isa = PBXBuildFile; fileRef = 2D00BFF625F38D48008EF6FF /* FindCityTableViewCell.swift */; };
		2D40F40425F3BF070049C962 /* UserDefaultsService.swift in Sources */ = {isa = PBXBuildFile; fileRef = 2D40F40325F3BF070049C962 /* UserDefaultsService.swift */; };
		2D656E1725EF98D200A0C6EC /* DescriptionTableViewCell.swift in Sources */ = {isa = PBXBuildFile; fileRef = 2D656E1625EF98D200A0C6EC /* DescriptionTableViewCell.swift */; };
		2D680DCE25F010A400ADE520 /* ForecastInfoTableViewCell.swift in Sources */ = {isa = PBXBuildFile; fileRef = 2D680DCC25F010A400ADE520 /* ForecastInfoTableViewCell.swift */; };
		2D680DCF25F010A400ADE520 /* ForecastInfoTableViewCell.xib in Resources */ = {isa = PBXBuildFile; fileRef = 2D680DCD25F010A400ADE520 /* ForecastInfoTableViewCell.xib */; };
		2D680DD225F0201B00ADE520 /* NextDaysViewController.swift in Sources */ = {isa = PBXBuildFile; fileRef = 2D680DD125F0201B00ADE520 /* NextDaysViewController.swift */; };
		2D680DD425F0204700ADE520 /* NextDaysPresenter.swift in Sources */ = {isa = PBXBuildFile; fileRef = 2D680DD325F0204700ADE520 /* NextDaysPresenter.swift */; };
		2D680DD625F0205400ADE520 /* NextDaysConfigurator.swift in Sources */ = {isa = PBXBuildFile; fileRef = 2D680DD525F0205400ADE520 /* NextDaysConfigurator.swift */; };
		2D680DD825F0205E00ADE520 /* NextDaysRouter.swift in Sources */ = {isa = PBXBuildFile; fileRef = 2D680DD725F0205E00ADE520 /* NextDaysRouter.swift */; };
		2D680DDB25F023AD00ADE520 /* StoryboardService.swift in Sources */ = {isa = PBXBuildFile; fileRef = 2D680DDA25F023AD00ADE520 /* StoryboardService.swift */; };
		2D680DDD25F0246C00ADE520 /* UIViewControllerExtension.swift in Sources */ = {isa = PBXBuildFile; fileRef = 2D680DDC25F0246C00ADE520 /* UIViewControllerExtension.swift */; };
		2D79DBCF25F28F5B002D1D33 /* GoogleAddressModel.swift in Sources */ = {isa = PBXBuildFile; fileRef = 2D79DBCE25F28F5B002D1D33 /* GoogleAddressModel.swift */; };
		2D9BE25A25F0D48800924AB1 /* NextDaysTableViewCell.swift in Sources */ = {isa = PBXBuildFile; fileRef = 2D9BE25825F0D48800924AB1 /* NextDaysTableViewCell.swift */; };
		2D9BE25B25F0D48800924AB1 /* NextDaysTableViewCell.xib in Resources */ = {isa = PBXBuildFile; fileRef = 2D9BE25925F0D48800924AB1 /* NextDaysTableViewCell.xib */; };
		2DA49FCE25EF7B2E00EBF2D4 /* CityForecastPresenter.swift in Sources */ = {isa = PBXBuildFile; fileRef = 2DA49FCD25EF7B2E00EBF2D4 /* CityForecastPresenter.swift */; };
		2DA49FD025EF7B3A00EBF2D4 /* CityForecastRouter.swift in Sources */ = {isa = PBXBuildFile; fileRef = 2DA49FCF25EF7B3900EBF2D4 /* CityForecastRouter.swift */; };
		2DA49FD225EF7B4400EBF2D4 /* CityForecastConfigurator.swift in Sources */ = {isa = PBXBuildFile; fileRef = 2DA49FD125EF7B4400EBF2D4 /* CityForecastConfigurator.swift */; };
		2DB8ADE725F16564009720C0 /* FindCityViewController.swift in Sources */ = {isa = PBXBuildFile; fileRef = 2DB8ADE625F16564009720C0 /* FindCityViewController.swift */; };
		2DB8ADEB25F165A6009720C0 /* FindCityPresenter.swift in Sources */ = {isa = PBXBuildFile; fileRef = 2DB8ADEA25F165A6009720C0 /* FindCityPresenter.swift */; };
		2DB8ADEE25F165B2009720C0 /* FindCityConfigurator.swift in Sources */ = {isa = PBXBuildFile; fileRef = 2DB8ADED25F165B2009720C0 /* FindCityConfigurator.swift */; };
		2DB8ADF125F165BA009720C0 /* FindCityRouter.swift in Sources */ = {isa = PBXBuildFile; fileRef = 2DB8ADF025F165BA009720C0 /* FindCityRouter.swift */; };
		2DC13DF625E84A2200B9C44C /* AppDelegate.swift in Sources */ = {isa = PBXBuildFile; fileRef = 2DC13DF525E84A2200B9C44C /* AppDelegate.swift */; };
		2DC13DF825E84A2200B9C44C /* SceneDelegate.swift in Sources */ = {isa = PBXBuildFile; fileRef = 2DC13DF725E84A2200B9C44C /* SceneDelegate.swift */; };
		2DC13DFA25E84A2200B9C44C /* CityForecastViewController.swift in Sources */ = {isa = PBXBuildFile; fileRef = 2DC13DF925E84A2200B9C44C /* CityForecastViewController.swift */; };
		2DC13DFD25E84A2200B9C44C /* Main.storyboard in Resources */ = {isa = PBXBuildFile; fileRef = 2DC13DFB25E84A2200B9C44C /* Main.storyboard */; };
		2DC13DFF25E84A2300B9C44C /* Assets.xcassets in Resources */ = {isa = PBXBuildFile; fileRef = 2DC13DFE25E84A2300B9C44C /* Assets.xcassets */; };
		2DC13E0225E84A2300B9C44C /* LaunchScreen.storyboard in Resources */ = {isa = PBXBuildFile; fileRef = 2DC13E0025E84A2300B9C44C /* LaunchScreen.storyboard */; };
		2DF3BFB825EE81FF000534E3 /* TodayForecastHeader.swift in Sources */ = {isa = PBXBuildFile; fileRef = 2DF3BFB725EE81FF000534E3 /* TodayForecastHeader.swift */; };
		2DF3BFBA25EE8204000534E3 /* TodayForecastHeader.xib in Resources */ = {isa = PBXBuildFile; fileRef = 2DF3BFB925EE8204000534E3 /* TodayForecastHeader.xib */; };
		2DF3BFBD25EE8ED3000534E3 /* UIViewExtension.swift in Sources */ = {isa = PBXBuildFile; fileRef = 2DF3BFBC25EE8ED3000534E3 /* UIViewExtension.swift */; };
		2DF3BFBF25EEC3FD000534E3 /* UIColorExtension.swift in Sources */ = {isa = PBXBuildFile; fileRef = 2DF3BFBE25EEC3FD000534E3 /* UIColorExtension.swift */; };
		2DF3BFC425EECD86000534E3 /* HourlyForecastCollectionViewCell.swift in Sources */ = {isa = PBXBuildFile; fileRef = 2DF3BFC225EECD86000534E3 /* HourlyForecastCollectionViewCell.swift */; };
		2DF3BFC525EECD86000534E3 /* HourlyForecastCollectionViewCell.xib in Resources */ = {isa = PBXBuildFile; fileRef = 2DF3BFC325EECD86000534E3 /* HourlyForecastCollectionViewCell.xib */; };
		2DF3BFCA25EED170000534E3 /* HourlyForecastTableViewCell.swift in Sources */ = {isa = PBXBuildFile; fileRef = 2DF3BFC925EED170000534E3 /* HourlyForecastTableViewCell.swift */; };
/* End PBXBuildFile section */

/* Begin PBXFileReference section */
		2D00BFF625F38D48008EF6FF /* FindCityTableViewCell.swift */ = {isa = PBXFileReference; lastKnownFileType = sourcecode.swift; path = FindCityTableViewCell.swift; sourceTree = "<group>"; };
		2D40F40325F3BF070049C962 /* UserDefaultsService.swift */ = {isa = PBXFileReference; lastKnownFileType = sourcecode.swift; path = UserDefaultsService.swift; sourceTree = "<group>"; };
		2D656E1625EF98D200A0C6EC /* DescriptionTableViewCell.swift */ = {isa = PBXFileReference; lastKnownFileType = sourcecode.swift; path = DescriptionTableViewCell.swift; sourceTree = "<group>"; };
		2D680DCC25F010A400ADE520 /* ForecastInfoTableViewCell.swift */ = {isa = PBXFileReference; lastKnownFileType = sourcecode.swift; path = ForecastInfoTableViewCell.swift; sourceTree = "<group>"; };
		2D680DCD25F010A400ADE520 /* ForecastInfoTableViewCell.xib */ = {isa = PBXFileReference; lastKnownFileType = file.xib; path = ForecastInfoTableViewCell.xib; sourceTree = "<group>"; };
		2D680DD125F0201B00ADE520 /* NextDaysViewController.swift */ = {isa = PBXFileReference; lastKnownFileType = sourcecode.swift; path = NextDaysViewController.swift; sourceTree = "<group>"; };
		2D680DD325F0204700ADE520 /* NextDaysPresenter.swift */ = {isa = PBXFileReference; lastKnownFileType = sourcecode.swift; path = NextDaysPresenter.swift; sourceTree = "<group>"; };
		2D680DD525F0205400ADE520 /* NextDaysConfigurator.swift */ = {isa = PBXFileReference; lastKnownFileType = sourcecode.swift; path = NextDaysConfigurator.swift; sourceTree = "<group>"; };
		2D680DD725F0205E00ADE520 /* NextDaysRouter.swift */ = {isa = PBXFileReference; lastKnownFileType = sourcecode.swift; path = NextDaysRouter.swift; sourceTree = "<group>"; };
		2D680DDA25F023AD00ADE520 /* StoryboardService.swift */ = {isa = PBXFileReference; lastKnownFileType = sourcecode.swift; path = StoryboardService.swift; sourceTree = "<group>"; };
		2D680DDC25F0246C00ADE520 /* UIViewControllerExtension.swift */ = {isa = PBXFileReference; lastKnownFileType = sourcecode.swift; path = UIViewControllerExtension.swift; sourceTree = "<group>"; };
		2D79DBCE25F28F5B002D1D33 /* GoogleAddressModel.swift */ = {isa = PBXFileReference; lastKnownFileType = sourcecode.swift; path = GoogleAddressModel.swift; sourceTree = "<group>"; };
		2D9BE25825F0D48800924AB1 /* NextDaysTableViewCell.swift */ = {isa = PBXFileReference; lastKnownFileType = sourcecode.swift; path = NextDaysTableViewCell.swift; sourceTree = "<group>"; };
		2D9BE25925F0D48800924AB1 /* NextDaysTableViewCell.xib */ = {isa = PBXFileReference; lastKnownFileType = file.xib; path = NextDaysTableViewCell.xib; sourceTree = "<group>"; };
		2DA49FCD25EF7B2E00EBF2D4 /* CityForecastPresenter.swift */ = {isa = PBXFileReference; lastKnownFileType = sourcecode.swift; path = CityForecastPresenter.swift; sourceTree = "<group>"; };
		2DA49FCF25EF7B3900EBF2D4 /* CityForecastRouter.swift */ = {isa = PBXFileReference; lastKnownFileType = sourcecode.swift; path = CityForecastRouter.swift; sourceTree = "<group>"; };
		2DA49FD125EF7B4400EBF2D4 /* CityForecastConfigurator.swift */ = {isa = PBXFileReference; lastKnownFileType = sourcecode.swift; path = CityForecastConfigurator.swift; sourceTree = "<group>"; };
		2DB8ADE625F16564009720C0 /* FindCityViewController.swift */ = {isa = PBXFileReference; lastKnownFileType = sourcecode.swift; path = FindCityViewController.swift; sourceTree = "<group>"; };
		2DB8ADEA25F165A6009720C0 /* FindCityPresenter.swift */ = {isa = PBXFileReference; lastKnownFileType = sourcecode.swift; path = FindCityPresenter.swift; sourceTree = "<group>"; };
		2DB8ADED25F165B2009720C0 /* FindCityConfigurator.swift */ = {isa = PBXFileReference; lastKnownFileType = sourcecode.swift; path = FindCityConfigurator.swift; sourceTree = "<group>"; };
		2DB8ADF025F165BA009720C0 /* FindCityRouter.swift */ = {isa = PBXFileReference; lastKnownFileType = sourcecode.swift; path = FindCityRouter.swift; sourceTree = "<group>"; };
		2DC13DF225E84A2200B9C44C /* Weather.app */ = {isa = PBXFileReference; explicitFileType = wrapper.application; includeInIndex = 0; path = Weather.app; sourceTree = BUILT_PRODUCTS_DIR; };
		2DC13DF525E84A2200B9C44C /* AppDelegate.swift */ = {isa = PBXFileReference; lastKnownFileType = sourcecode.swift; path = AppDelegate.swift; sourceTree = "<group>"; };
		2DC13DF725E84A2200B9C44C /* SceneDelegate.swift */ = {isa = PBXFileReference; lastKnownFileType = sourcecode.swift; path = SceneDelegate.swift; sourceTree = "<group>"; };
		2DC13DF925E84A2200B9C44C /* CityForecastViewController.swift */ = {isa = PBXFileReference; lastKnownFileType = sourcecode.swift; path = CityForecastViewController.swift; sourceTree = "<group>"; };
		2DC13DFC25E84A2200B9C44C /* Base */ = {isa = PBXFileReference; lastKnownFileType = file.storyboard; name = Base; path = Base.lproj/Main.storyboard; sourceTree = "<group>"; };
		2DC13DFE25E84A2300B9C44C /* Assets.xcassets */ = {isa = PBXFileReference; lastKnownFileType = folder.assetcatalog; path = Assets.xcassets; sourceTree = "<group>"; };
		2DC13E0125E84A2300B9C44C /* Base */ = {isa = PBXFileReference; lastKnownFileType = file.storyboard; name = Base; path = Base.lproj/LaunchScreen.storyboard; sourceTree = "<group>"; };
		2DC13E0325E84A2300B9C44C /* Info.plist */ = {isa = PBXFileReference; lastKnownFileType = text.plist.xml; path = Info.plist; sourceTree = "<group>"; };
		2DF3BFB725EE81FF000534E3 /* TodayForecastHeader.swift */ = {isa = PBXFileReference; lastKnownFileType = sourcecode.swift; path = TodayForecastHeader.swift; sourceTree = "<group>"; };
		2DF3BFB925EE8204000534E3 /* TodayForecastHeader.xib */ = {isa = PBXFileReference; lastKnownFileType = file.xib; path = TodayForecastHeader.xib; sourceTree = "<group>"; };
		2DF3BFBC25EE8ED3000534E3 /* UIViewExtension.swift */ = {isa = PBXFileReference; lastKnownFileType = sourcecode.swift; path = UIViewExtension.swift; sourceTree = "<group>"; };
		2DF3BFBE25EEC3FD000534E3 /* UIColorExtension.swift */ = {isa = PBXFileReference; lastKnownFileType = sourcecode.swift; path = UIColorExtension.swift; sourceTree = "<group>"; };
		2DF3BFC225EECD86000534E3 /* HourlyForecastCollectionViewCell.swift */ = {isa = PBXFileReference; lastKnownFileType = sourcecode.swift; path = HourlyForecastCollectionViewCell.swift; sourceTree = "<group>"; };
		2DF3BFC325EECD86000534E3 /* HourlyForecastCollectionViewCell.xib */ = {isa = PBXFileReference; lastKnownFileType = file.xib; path = HourlyForecastCollectionViewCell.xib; sourceTree = "<group>"; };
		2DF3BFC925EED170000534E3 /* HourlyForecastTableViewCell.swift */ = {isa = PBXFileReference; lastKnownFileType = sourcecode.swift; path = HourlyForecastTableViewCell.swift; sourceTree = "<group>"; };
		58A469BA43FD713F69A78AD0 /* Pods-Weather.debug.xcconfig */ = {isa = PBXFileReference; includeInIndex = 1; lastKnownFileType = text.xcconfig; name = "Pods-Weather.debug.xcconfig"; path = "Target Support Files/Pods-Weather/Pods-Weather.debug.xcconfig"; sourceTree = "<group>"; };
		7227E78DA02C2A9CDB09D48A /* Pods-Weather.release.xcconfig */ = {isa = PBXFileReference; includeInIndex = 1; lastKnownFileType = text.xcconfig; name = "Pods-Weather.release.xcconfig"; path = "Target Support Files/Pods-Weather/Pods-Weather.release.xcconfig"; sourceTree = "<group>"; };
		C4E5ABAD766F92767B6AD56C /* Pods_Weather.framework */ = {isa = PBXFileReference; explicitFileType = wrapper.framework; includeInIndex = 0; path = Pods_Weather.framework; sourceTree = BUILT_PRODUCTS_DIR; };
/* End PBXFileReference section */

/* Begin PBXFrameworksBuildPhase section */
		2DC13DEF25E84A2200B9C44C /* Frameworks */ = {
			isa = PBXFrameworksBuildPhase;
			buildActionMask = 2147483647;
			files = (
				090135CA0909793379C0C2E1 /* Pods_Weather.framework in Frameworks */,
			);
			runOnlyForDeploymentPostprocessing = 0;
		};
/* End PBXFrameworksBuildPhase section */

/* Begin PBXGroup section */
		2D680DCB25F0108F00ADE520 /* ForecastInfoCell */ = {
			isa = PBXGroup;
			children = (
				2D680DCC25F010A400ADE520 /* ForecastInfoTableViewCell.swift */,
				2D680DCD25F010A400ADE520 /* ForecastInfoTableViewCell.xib */,
			);
			path = ForecastInfoCell;
			sourceTree = "<group>";
		};
		2D680DD025F01FFB00ADE520 /* NextDaysForecastViewController */ = {
			isa = PBXGroup;
			children = (
				2D680DD125F0201B00ADE520 /* NextDaysViewController.swift */,
				2D680DD325F0204700ADE520 /* NextDaysPresenter.swift */,
				2D680DD525F0205400ADE520 /* NextDaysConfigurator.swift */,
				2D680DD725F0205E00ADE520 /* NextDaysRouter.swift */,
			);
			path = NextDaysForecastViewController;
			sourceTree = "<group>";
		};
		2D680DD925F023A100ADE520 /* Services */ = {
			isa = PBXGroup;
			children = (
				2D680DDA25F023AD00ADE520 /* StoryboardService.swift */,
				2D40F40325F3BF070049C962 /* UserDefaultsService.swift */,
			);
			path = Services;
			sourceTree = "<group>";
		};
		2D79DBCD25F28F4A002D1D33 /* Models */ = {
			isa = PBXGroup;
			children = (
				2D79DBCE25F28F5B002D1D33 /* GoogleAddressModel.swift */,
			);
			path = Models;
			sourceTree = "<group>";
		};
		2D9BE25725F0D46500924AB1 /* NextDaysCell */ = {
			isa = PBXGroup;
			children = (
				2D9BE25825F0D48800924AB1 /* NextDaysTableViewCell.swift */,
				2D9BE25925F0D48800924AB1 /* NextDaysTableViewCell.xib */,
			);
			path = NextDaysCell;
			sourceTree = "<group>";
		};
		2DA49FCC25EF7B1800EBF2D4 /* CityForecastViewController */ = {
			isa = PBXGroup;
			children = (
				2DC13DF925E84A2200B9C44C /* CityForecastViewController.swift */,
				2DA49FCD25EF7B2E00EBF2D4 /* CityForecastPresenter.swift */,
				2DA49FCF25EF7B3900EBF2D4 /* CityForecastRouter.swift */,
				2DA49FD125EF7B4400EBF2D4 /* CityForecastConfigurator.swift */,
			);
			path = CityForecastViewController;
			sourceTree = "<group>";
		};
		2DB8ADE525F16550009720C0 /* FindCityViewController */ = {
			isa = PBXGroup;
			children = (
				2DB8ADE625F16564009720C0 /* FindCityViewController.swift */,
				2DB8ADEA25F165A6009720C0 /* FindCityPresenter.swift */,
				2DB8ADED25F165B2009720C0 /* FindCityConfigurator.swift */,
				2DB8ADF025F165BA009720C0 /* FindCityRouter.swift */,
			);
			path = FindCityViewController;
			sourceTree = "<group>";
		};
		2DC13DE925E84A2200B9C44C = {
			isa = PBXGroup;
			children = (
				2DC13DF425E84A2200B9C44C /* Weather */,
				2DC13DF325E84A2200B9C44C /* Products */,
				84572396943AB9B4AF585014 /* Pods */,
				751E88AA0513D9EDD187C1D6 /* Frameworks */,
			);
			sourceTree = "<group>";
		};
		2DC13DF325E84A2200B9C44C /* Products */ = {
			isa = PBXGroup;
			children = (
				2DC13DF225E84A2200B9C44C /* Weather.app */,
			);
			name = Products;
			sourceTree = "<group>";
		};
		2DC13DF425E84A2200B9C44C /* Weather */ = {
			isa = PBXGroup;
			children = (
				2D79DBCD25F28F4A002D1D33 /* Models */,
				2D680DD925F023A100ADE520 /* Services */,
				2DF3BFBB25EE8EBF000534E3 /* Extensions */,
				2DF3BFB525EE81AE000534E3 /* Views */,
				2DF3BFB425EE7FDD000534E3 /* ViewControllers */,
				2DF3BFB325EE7FCC000534E3 /* Storyboards */,
				2DC13DF525E84A2200B9C44C /* AppDelegate.swift */,
				2DC13DF725E84A2200B9C44C /* SceneDelegate.swift */,
				2DC13DFE25E84A2300B9C44C /* Assets.xcassets */,
				2DC13E0325E84A2300B9C44C /* Info.plist */,
			);
			path = Weather;
			sourceTree = "<group>";
		};
		2DF3BFB325EE7FCC000534E3 /* Storyboards */ = {
			isa = PBXGroup;
			children = (
				2DC13DFB25E84A2200B9C44C /* Main.storyboard */,
				2DC13E0025E84A2300B9C44C /* LaunchScreen.storyboard */,
			);
			path = Storyboards;
			sourceTree = "<group>";
		};
		2DF3BFB425EE7FDD000534E3 /* ViewControllers */ = {
			isa = PBXGroup;
			children = (
				2DB8ADE525F16550009720C0 /* FindCityViewController */,
				2D680DD025F01FFB00ADE520 /* NextDaysForecastViewController */,
				2DA49FCC25EF7B1800EBF2D4 /* CityForecastViewController */,
			);
			path = ViewControllers;
			sourceTree = "<group>";
		};
		2DF3BFB525EE81AE000534E3 /* Views */ = {
			isa = PBXGroup;
			children = (
				2DF3BFC825EED14B000534E3 /* TableViewCells */,
				2DF3BFC025EECD4A000534E3 /* CollectionViewCells */,
				2DF3BFB625EE81B8000534E3 /* Headers */,
			);
			path = Views;
			sourceTree = "<group>";
		};
		2DF3BFB625EE81B8000534E3 /* Headers */ = {
			isa = PBXGroup;
			children = (
				2DF3BFB725EE81FF000534E3 /* TodayForecastHeader.swift */,
				2DF3BFB925EE8204000534E3 /* TodayForecastHeader.xib */,
			);
			path = Headers;
			sourceTree = "<group>";
		};
		2DF3BFBB25EE8EBF000534E3 /* Extensions */ = {
			isa = PBXGroup;
			children = (
				2DF3BFBC25EE8ED3000534E3 /* UIViewExtension.swift */,
				2DF3BFBE25EEC3FD000534E3 /* UIColorExtension.swift */,
				2D680DDC25F0246C00ADE520 /* UIViewControllerExtension.swift */,
			);
			path = Extensions;
			sourceTree = "<group>";
		};
		2DF3BFC025EECD4A000534E3 /* CollectionViewCells */ = {
			isa = PBXGroup;
			children = (
				2DF3BFC125EECD58000534E3 /* HourlyForecastCell */,
			);
			path = CollectionViewCells;
			sourceTree = "<group>";
		};
		2DF3BFC125EECD58000534E3 /* HourlyForecastCell */ = {
			isa = PBXGroup;
			children = (
				2DF3BFC225EECD86000534E3 /* HourlyForecastCollectionViewCell.swift */,
				2DF3BFC325EECD86000534E3 /* HourlyForecastCollectionViewCell.xib */,
			);
			path = HourlyForecastCell;
			sourceTree = "<group>";
		};
		2DF3BFC825EED14B000534E3 /* TableViewCells */ = {
			isa = PBXGroup;
			children = (
				2D9BE25725F0D46500924AB1 /* NextDaysCell */,
				2D680DCB25F0108F00ADE520 /* ForecastInfoCell */,
				2DF3BFC925EED170000534E3 /* HourlyForecastTableViewCell.swift */,
				2D656E1625EF98D200A0C6EC /* DescriptionTableViewCell.swift */,
				2D00BFF625F38D48008EF6FF /* FindCityTableViewCell.swift */,
			);
			path = TableViewCells;
			sourceTree = "<group>";
		};
		751E88AA0513D9EDD187C1D6 /* Frameworks */ = {
			isa = PBXGroup;
			children = (
				C4E5ABAD766F92767B6AD56C /* Pods_Weather.framework */,
			);
			name = Frameworks;
			sourceTree = "<group>";
		};
		84572396943AB9B4AF585014 /* Pods */ = {
			isa = PBXGroup;
			children = (
				58A469BA43FD713F69A78AD0 /* Pods-Weather.debug.xcconfig */,
				7227E78DA02C2A9CDB09D48A /* Pods-Weather.release.xcconfig */,
			);
			path = Pods;
			sourceTree = "<group>";
		};
/* End PBXGroup section */

/* Begin PBXNativeTarget section */
		2DC13DF125E84A2200B9C44C /* Weather */ = {
			isa = PBXNativeTarget;
			buildConfigurationList = 2DC13E0625E84A2300B9C44C /* Build configuration list for PBXNativeTarget "Weather" */;
			buildPhases = (
				F121395334139F87AD2FC848 /* [CP] Check Pods Manifest.lock */,
				2DC13DEE25E84A2200B9C44C /* Sources */,
				2DC13DEF25E84A2200B9C44C /* Frameworks */,
				2DC13DF025E84A2200B9C44C /* Resources */,
				5E0474CBA4E4271A935D552B /* [CP] Copy Pods Resources */,
			);
			buildRules = (
			);
			dependencies = (
			);
			name = Weather;
			productName = Weather;
			productReference = 2DC13DF225E84A2200B9C44C /* Weather.app */;
			productType = "com.apple.product-type.application";
		};
/* End PBXNativeTarget section */

/* Begin PBXProject section */
		2DC13DEA25E84A2200B9C44C /* Project object */ = {
			isa = PBXProject;
			attributes = {
				LastSwiftUpdateCheck = 1170;
				LastUpgradeCheck = 1170;
				ORGANIZATIONNAME = "Макс Пайдич";
				TargetAttributes = {
					2DC13DF125E84A2200B9C44C = {
						CreatedOnToolsVersion = 11.7;
					};
				};
			};
			buildConfigurationList = 2DC13DED25E84A2200B9C44C /* Build configuration list for PBXProject "Weather" */;
			compatibilityVersion = "Xcode 9.3";
			developmentRegion = en;
			hasScannedForEncodings = 0;
			knownRegions = (
				en,
				Base,
			);
			mainGroup = 2DC13DE925E84A2200B9C44C;
			productRefGroup = 2DC13DF325E84A2200B9C44C /* Products */;
			projectDirPath = "";
			projectRoot = "";
			targets = (
				2DC13DF125E84A2200B9C44C /* Weather */,
			);
		};
/* End PBXProject section */

/* Begin PBXResourcesBuildPhase section */
		2DC13DF025E84A2200B9C44C /* Resources */ = {
			isa = PBXResourcesBuildPhase;
			buildActionMask = 2147483647;
			files = (
				2D9BE25B25F0D48800924AB1 /* NextDaysTableViewCell.xib in Resources */,
				2DC13E0225E84A2300B9C44C /* LaunchScreen.storyboard in Resources */,
				2DF3BFBA25EE8204000534E3 /* TodayForecastHeader.xib in Resources */,
				2DF3BFC525EECD86000534E3 /* HourlyForecastCollectionViewCell.xib in Resources */,
				2DC13DFF25E84A2300B9C44C /* Assets.xcassets in Resources */,
				2D680DCF25F010A400ADE520 /* ForecastInfoTableViewCell.xib in Resources */,
				2DC13DFD25E84A2200B9C44C /* Main.storyboard in Resources */,
			);
			runOnlyForDeploymentPostprocessing = 0;
		};
/* End PBXResourcesBuildPhase section */

/* Begin PBXShellScriptBuildPhase section */
		5E0474CBA4E4271A935D552B /* [CP] Copy Pods Resources */ = {
			isa = PBXShellScriptBuildPhase;
			buildActionMask = 2147483647;
			files = (
			);
			inputFileListPaths = (
				"${PODS_ROOT}/Target Support Files/Pods-Weather/Pods-Weather-resources-${CONFIGURATION}-input-files.xcfilelist",
			);
			name = "[CP] Copy Pods Resources";
			outputFileListPaths = (
				"${PODS_ROOT}/Target Support Files/Pods-Weather/Pods-Weather-resources-${CONFIGURATION}-output-files.xcfilelist",
			);
			runOnlyForDeploymentPostprocessing = 0;
			shellPath = /bin/sh;
			shellScript = "\"${PODS_ROOT}/Target Support Files/Pods-Weather/Pods-Weather-resources.sh\"\n";
			showEnvVarsInLog = 0;
		};
		F121395334139F87AD2FC848 /* [CP] Check Pods Manifest.lock */ = {
			isa = PBXShellScriptBuildPhase;
			buildActionMask = 2147483647;
			files = (
			);
			inputFileListPaths = (
			);
			inputPaths = (
				"${PODS_PODFILE_DIR_PATH}/Podfile.lock",
				"${PODS_ROOT}/Manifest.lock",
			);
			name = "[CP] Check Pods Manifest.lock";
			outputFileListPaths = (
			);
			outputPaths = (
				"$(DERIVED_FILE_DIR)/Pods-Weather-checkManifestLockResult.txt",
			);
			runOnlyForDeploymentPostprocessing = 0;
			shellPath = /bin/sh;
			shellScript = "diff \"${PODS_PODFILE_DIR_PATH}/Podfile.lock\" \"${PODS_ROOT}/Manifest.lock\" > /dev/null\nif [ $? != 0 ] ; then\n    # print error to STDERR\n    echo \"error: The sandbox is not in sync with the Podfile.lock. Run 'pod install' or update your CocoaPods installation.\" >&2\n    exit 1\nfi\n# This output is used by Xcode 'outputs' to avoid re-running this script phase.\necho \"SUCCESS\" > \"${SCRIPT_OUTPUT_FILE_0}\"\n";
			showEnvVarsInLog = 0;
		};
/* End PBXShellScriptBuildPhase section */

/* Begin PBXSourcesBuildPhase section */
		2DC13DEE25E84A2200B9C44C /* Sources */ = {
			isa = PBXSourcesBuildPhase;
			buildActionMask = 2147483647;
			files = (
				2DA49FD225EF7B4400EBF2D4 /* CityForecastConfigurator.swift in Sources */,
				2D680DCE25F010A400ADE520 /* ForecastInfoTableViewCell.swift in Sources */,
				2DB8ADF125F165BA009720C0 /* FindCityRouter.swift in Sources */,
				2DF3BFBD25EE8ED3000534E3 /* UIViewExtension.swift in Sources */,
				2DC13DFA25E84A2200B9C44C /* CityForecastViewController.swift in Sources */,
				2DB8ADE725F16564009720C0 /* FindCityViewController.swift in Sources */,
				2D79DBCF25F28F5B002D1D33 /* GoogleAddressModel.swift in Sources */,
				2DF3BFB825EE81FF000534E3 /* TodayForecastHeader.swift in Sources */,
				2D656E1725EF98D200A0C6EC /* DescriptionTableViewCell.swift in Sources */,
				2D00BFF725F38D48008EF6FF /* FindCityTableViewCell.swift in Sources */,
				2DF3BFCA25EED170000534E3 /* HourlyForecastTableViewCell.swift in Sources */,
				2D680DD225F0201B00ADE520 /* NextDaysViewController.swift in Sources */,
				2D680DD825F0205E00ADE520 /* NextDaysRouter.swift in Sources */,
				2D9BE25A25F0D48800924AB1 /* NextDaysTableViewCell.swift in Sources */,
				2D680DD625F0205400ADE520 /* NextDaysConfigurator.swift in Sources */,
				2D40F40425F3BF070049C962 /* UserDefaultsService.swift in Sources */,
				2DB8ADEE25F165B2009720C0 /* FindCityConfigurator.swift in Sources */,
				2DC13DF625E84A2200B9C44C /* AppDelegate.swift in Sources */,
				2DC13DF825E84A2200B9C44C /* SceneDelegate.swift in Sources */,
				2DA49FCE25EF7B2E00EBF2D4 /* CityForecastPresenter.swift in Sources */,
				2DF3BFC425EECD86000534E3 /* HourlyForecastCollectionViewCell.swift in Sources */,
				2D680DDB25F023AD00ADE520 /* StoryboardService.swift in Sources */,
				2DA49FD025EF7B3A00EBF2D4 /* CityForecastRouter.swift in Sources */,
				2DB8ADEB25F165A6009720C0 /* FindCityPresenter.swift in Sources */,
				2D680DDD25F0246C00ADE520 /* UIViewControllerExtension.swift in Sources */,
				2D680DD425F0204700ADE520 /* NextDaysPresenter.swift in Sources */,
				2DF3BFBF25EEC3FD000534E3 /* UIColorExtension.swift in Sources */,
			);
			runOnlyForDeploymentPostprocessing = 0;
		};
/* End PBXSourcesBuildPhase section */

/* Begin PBXVariantGroup section */
		2DC13DFB25E84A2200B9C44C /* Main.storyboard */ = {
			isa = PBXVariantGroup;
			children = (
				2DC13DFC25E84A2200B9C44C /* Base */,
			);
			name = Main.storyboard;
			sourceTree = "<group>";
		};
		2DC13E0025E84A2300B9C44C /* LaunchScreen.storyboard */ = {
			isa = PBXVariantGroup;
			children = (
				2DC13E0125E84A2300B9C44C /* Base */,
			);
			name = LaunchScreen.storyboard;
			sourceTree = "<group>";
		};
/* End PBXVariantGroup section */

/* Begin XCBuildConfiguration section */
		2DC13E0425E84A2300B9C44C /* Debug */ = {
			isa = XCBuildConfiguration;
			buildSettings = {
				ALWAYS_SEARCH_USER_PATHS = NO;
				CLANG_ANALYZER_NONNULL = YES;
				CLANG_ANALYZER_NUMBER_OBJECT_CONVERSION = YES_AGGRESSIVE;
				CLANG_CXX_LANGUAGE_STANDARD = "gnu++14";
				CLANG_CXX_LIBRARY = "libc++";
				CLANG_ENABLE_MODULES = YES;
				CLANG_ENABLE_OBJC_ARC = YES;
				CLANG_ENABLE_OBJC_WEAK = YES;
				CLANG_WARN_BLOCK_CAPTURE_AUTORELEASING = YES;
				CLANG_WARN_BOOL_CONVERSION = YES;
				CLANG_WARN_COMMA = YES;
				CLANG_WARN_CONSTANT_CONVERSION = YES;
				CLANG_WARN_DEPRECATED_OBJC_IMPLEMENTATIONS = YES;
				CLANG_WARN_DIRECT_OBJC_ISA_USAGE = YES_ERROR;
				CLANG_WARN_DOCUMENTATION_COMMENTS = YES;
				CLANG_WARN_EMPTY_BODY = YES;
				CLANG_WARN_ENUM_CONVERSION = YES;
				CLANG_WARN_INFINITE_RECURSION = YES;
				CLANG_WARN_INT_CONVERSION = YES;
				CLANG_WARN_NON_LITERAL_NULL_CONVERSION = YES;
				CLANG_WARN_OBJC_IMPLICIT_RETAIN_SELF = YES;
				CLANG_WARN_OBJC_LITERAL_CONVERSION = YES;
				CLANG_WARN_OBJC_ROOT_CLASS = YES_ERROR;
				CLANG_WARN_RANGE_LOOP_ANALYSIS = YES;
				CLANG_WARN_STRICT_PROTOTYPES = YES;
				CLANG_WARN_SUSPICIOUS_MOVE = YES;
				CLANG_WARN_UNGUARDED_AVAILABILITY = YES_AGGRESSIVE;
				CLANG_WARN_UNREACHABLE_CODE = YES;
				CLANG_WARN__DUPLICATE_METHOD_MATCH = YES;
				COPY_PHASE_STRIP = NO;
				DEBUG_INFORMATION_FORMAT = dwarf;
				ENABLE_STRICT_OBJC_MSGSEND = YES;
				ENABLE_TESTABILITY = YES;
				GCC_C_LANGUAGE_STANDARD = gnu11;
				GCC_DYNAMIC_NO_PIC = NO;
				GCC_NO_COMMON_BLOCKS = YES;
				GCC_OPTIMIZATION_LEVEL = 0;
				GCC_PREPROCESSOR_DEFINITIONS = (
					"DEBUG=1",
					"$(inherited)",
				);
				GCC_WARN_64_TO_32_BIT_CONVERSION = YES;
				GCC_WARN_ABOUT_RETURN_TYPE = YES_ERROR;
				GCC_WARN_UNDECLARED_SELECTOR = YES;
				GCC_WARN_UNINITIALIZED_AUTOS = YES_AGGRESSIVE;
				GCC_WARN_UNUSED_FUNCTION = YES;
				GCC_WARN_UNUSED_VARIABLE = YES;
				IPHONEOS_DEPLOYMENT_TARGET = 13.7;
				MTL_ENABLE_DEBUG_INFO = INCLUDE_SOURCE;
				MTL_FAST_MATH = YES;
				ONLY_ACTIVE_ARCH = YES;
				SDKROOT = iphoneos;
				SWIFT_ACTIVE_COMPILATION_CONDITIONS = DEBUG;
				SWIFT_OPTIMIZATION_LEVEL = "-Onone";
			};
			name = Debug;
		};
		2DC13E0525E84A2300B9C44C /* Release */ = {
			isa = XCBuildConfiguration;
			buildSettings = {
				ALWAYS_SEARCH_USER_PATHS = NO;
				CLANG_ANALYZER_NONNULL = YES;
				CLANG_ANALYZER_NUMBER_OBJECT_CONVERSION = YES_AGGRESSIVE;
				CLANG_CXX_LANGUAGE_STANDARD = "gnu++14";
				CLANG_CXX_LIBRARY = "libc++";
				CLANG_ENABLE_MODULES = YES;
				CLANG_ENABLE_OBJC_ARC = YES;
				CLANG_ENABLE_OBJC_WEAK = YES;
				CLANG_WARN_BLOCK_CAPTURE_AUTORELEASING = YES;
				CLANG_WARN_BOOL_CONVERSION = YES;
				CLANG_WARN_COMMA = YES;
				CLANG_WARN_CONSTANT_CONVERSION = YES;
				CLANG_WARN_DEPRECATED_OBJC_IMPLEMENTATIONS = YES;
				CLANG_WARN_DIRECT_OBJC_ISA_USAGE = YES_ERROR;
				CLANG_WARN_DOCUMENTATION_COMMENTS = YES;
				CLANG_WARN_EMPTY_BODY = YES;
				CLANG_WARN_ENUM_CONVERSION = YES;
				CLANG_WARN_INFINITE_RECURSION = YES;
				CLANG_WARN_INT_CONVERSION = YES;
				CLANG_WARN_NON_LITERAL_NULL_CONVERSION = YES;
				CLANG_WARN_OBJC_IMPLICIT_RETAIN_SELF = YES;
				CLANG_WARN_OBJC_LITERAL_CONVERSION = YES;
				CLANG_WARN_OBJC_ROOT_CLASS = YES_ERROR;
				CLANG_WARN_RANGE_LOOP_ANALYSIS = YES;
				CLANG_WARN_STRICT_PROTOTYPES = YES;
				CLANG_WARN_SUSPICIOUS_MOVE = YES;
				CLANG_WARN_UNGUARDED_AVAILABILITY = YES_AGGRESSIVE;
				CLANG_WARN_UNREACHABLE_CODE = YES;
				CLANG_WARN__DUPLICATE_METHOD_MATCH = YES;
				COPY_PHASE_STRIP = NO;
				DEBUG_INFORMATION_FORMAT = "dwarf-with-dsym";
				ENABLE_NS_ASSERTIONS = NO;
				ENABLE_STRICT_OBJC_MSGSEND = YES;
				GCC_C_LANGUAGE_STANDARD = gnu11;
				GCC_NO_COMMON_BLOCKS = YES;
				GCC_WARN_64_TO_32_BIT_CONVERSION = YES;
				GCC_WARN_ABOUT_RETURN_TYPE = YES_ERROR;
				GCC_WARN_UNDECLARED_SELECTOR = YES;
				GCC_WARN_UNINITIALIZED_AUTOS = YES_AGGRESSIVE;
				GCC_WARN_UNUSED_FUNCTION = YES;
				GCC_WARN_UNUSED_VARIABLE = YES;
				IPHONEOS_DEPLOYMENT_TARGET = 13.7;
				MTL_ENABLE_DEBUG_INFO = NO;
				MTL_FAST_MATH = YES;
				SDKROOT = iphoneos;
				SWIFT_COMPILATION_MODE = wholemodule;
				SWIFT_OPTIMIZATION_LEVEL = "-O";
				VALIDATE_PRODUCT = YES;
			};
			name = Release;
		};
		2DC13E0725E84A2300B9C44C /* Debug */ = {
			isa = XCBuildConfiguration;
			baseConfigurationReference = 58A469BA43FD713F69A78AD0 /* Pods-Weather.debug.xcconfig */;
			buildSettings = {
				ASSETCATALOG_COMPILER_APPICON_NAME = AppIcon;
				CODE_SIGN_STYLE = Automatic;
				DEVELOPMENT_TEAM = HP792V2S63;
				INFOPLIST_FILE = Weather/Info.plist;
				LD_RUNPATH_SEARCH_PATHS = (
					"$(inherited)",
					"@executable_path/Frameworks",
				);
				PRODUCT_BUNDLE_IDENTIFIER = com.paydich.Weather;
				PRODUCT_NAME = "$(TARGET_NAME)";
				SWIFT_VERSION = 5.0;
				TARGETED_DEVICE_FAMILY = "1,2";
			};
			name = Debug;
		};
		2DC13E0825E84A2300B9C44C /* Release */ = {
			isa = XCBuildConfiguration;
			baseConfigurationReference = 7227E78DA02C2A9CDB09D48A /* Pods-Weather.release.xcconfig */;
			buildSettings = {
				ASSETCATALOG_COMPILER_APPICON_NAME = AppIcon;
				CODE_SIGN_STYLE = Automatic;
				DEVELOPMENT_TEAM = HP792V2S63;
				INFOPLIST_FILE = Weather/Info.plist;
				LD_RUNPATH_SEARCH_PATHS = (
					"$(inherited)",
					"@executable_path/Frameworks",
				);
				PRODUCT_BUNDLE_IDENTIFIER = com.paydich.Weather;
				PRODUCT_NAME = "$(TARGET_NAME)";
				SWIFT_VERSION = 5.0;
				TARGETED_DEVICE_FAMILY = "1,2";
			};
			name = Release;
		};
/* End XCBuildConfiguration section */

/* Begin XCConfigurationList section */
		2DC13DED25E84A2200B9C44C /* Build configuration list for PBXProject "Weather" */ = {
			isa = XCConfigurationList;
			buildConfigurations = (
				2DC13E0425E84A2300B9C44C /* Debug */,
				2DC13E0525E84A2300B9C44C /* Release */,
			);
			defaultConfigurationIsVisible = 0;
			defaultConfigurationName = Release;
		};
		2DC13E0625E84A2300B9C44C /* Build configuration list for PBXNativeTarget "Weather" */ = {
			isa = XCConfigurationList;
			buildConfigurations = (
				2DC13E0725E84A2300B9C44C /* Debug */,
				2DC13E0825E84A2300B9C44C /* Release */,
			);
			defaultConfigurationIsVisible = 0;
			defaultConfigurationName = Release;
		};
/* End XCConfigurationList section */
	};
	rootObject = 2DC13DEA25E84A2200B9C44C /* Project object */;
}
